// !$*UTF8*$!
{
	archiveVersion = 1;
	classes = {
	};
	objectVersion = 46;
	objects = {

/* Begin PBXBuildFile section */
		F6066CFC18683F6800D0C051 /* CarDVRStorageInfo.m in Sources */ = {isa = PBXBuildFile; fileRef = F6066CFB18683F6800D0C051 /* CarDVRStorageInfo.m */; };
		F6137559188698F200B479DE /* CarDVRVideoClipURLs.m in Sources */ = {isa = PBXBuildFile; fileRef = F6137558188698F200B479DE /* CarDVRVideoClipURLs.m */; };
		F6214005183DB2EF004630FE /* CarDVRAssetWriter.m in Sources */ = {isa = PBXBuildFile; fileRef = F6214004183DB2EE004630FE /* CarDVRAssetWriter.m */; };
		F62323E8186C34BB00123109 /* CoreLocation.framework in Frameworks */ = {isa = PBXBuildFile; fileRef = F62323E7186C34BB00123109 /* CoreLocation.framework */; };
		F62323EC186C421600123109 /* CarDVRLocationDetector.m in Sources */ = {isa = PBXBuildFile; fileRef = F62323EB186C421600123109 /* CarDVRLocationDetector.m */; };
		F62987461847A05C00CD25E7 /* CarDVRVideoTableViewCell.m in Sources */ = {isa = PBXBuildFile; fileRef = F62987451847A05C00CD25E7 /* CarDVRVideoTableViewCell.m */; };
		F6298749184860D700CD25E7 /* CarDVRMaxClipDurationSettingViewController.m in Sources */ = {isa = PBXBuildFile; fileRef = F6298748184860D700CD25E7 /* CarDVRMaxClipDurationSettingViewController.m */; };
		F632827718C9D948007EE5D1 /* ImageIO.framework in Frameworks */ = {isa = PBXBuildFile; fileRef = F632827618C9D948007EE5D1 /* ImageIO.framework */; };
		F632827B18C9DC25007EE5D1 /* AssetsLibrary.framework in Frameworks */ = {isa = PBXBuildFile; fileRef = F632827A18C9DC25007EE5D1 /* AssetsLibrary.framework */; };
		F677D9311819636300C57AE0 /* CarDVRHomeViewController.m in Sources */ = {isa = PBXBuildFile; fileRef = F677D92F1819636300C57AE0 /* CarDVRHomeViewController.m */; };
		F6AD6E8118951B6F0006DA59 /* CarDVRMeasurementConverter.m in Sources */ = {isa = PBXBuildFile; fileRef = F6AD6E8018951B6F0006DA59 /* CarDVRMeasurementConverter.m */; };
		F6B0F9D61820AAA200A46E3C /* Localizable.strings in Resources */ = {isa = PBXBuildFile; fileRef = F6B0F9D41820AAA100A46E3C /* Localizable.strings */; };
		F6B0F9F41820CB1800A46E3C /* CarDVRVideoBrowserViewController.m in Sources */ = {isa = PBXBuildFile; fileRef = F6B0F9F21820CB1800A46E3C /* CarDVRVideoBrowserViewController.m */; };
		F6B0FA041820EC0300A46E3C /* CarDVRSettingsViewController.m in Sources */ = {isa = PBXBuildFile; fileRef = F6B0FA021820EC0300A46E3C /* CarDVRSettingsViewController.m */; };
		F6B0FA0A1821F6F400A46E3C /* MapKit.framework in Frameworks */ = {isa = PBXBuildFile; fileRef = F6B0FA091821F6F400A46E3C /* MapKit.framework */; };
		F6B0FA0D1821F72900A46E3C /* StoreKit.framework in Frameworks */ = {isa = PBXBuildFile; fileRef = F6B0FA0C1821F72900A46E3C /* StoreKit.framework */; };
		F6B0FA54182224CD00A46E3C /* InfoPlist.strings in Resources */ = {isa = PBXBuildFile; fileRef = F6B0FA50182224CD00A46E3C /* InfoPlist.strings */; };
		F6B0FA55182224CD00A46E3C /* Localizable.strings in Resources */ = {isa = PBXBuildFile; fileRef = F6B0FA52182224CD00A46E3C /* Localizable.strings */; };
		F6BBF37418D7449D0080D2BA /* CarDVRTracksLayerView.m in Sources */ = {isa = PBXBuildFile; fileRef = F6BBF37318D7449D0080D2BA /* CarDVRTracksLayerView.m */; };
		F6BBF37918D752920080D2BA /* CarDVRTracksOverlay.m in Sources */ = {isa = PBXBuildFile; fileRef = F6BBF37818D752920080D2BA /* CarDVRTracksOverlay.m */; };
		F6BBF37F18D75CB70080D2BA /* CarDVRAnnotation.m in Sources */ = {isa = PBXBuildFile; fileRef = F6BBF37E18D75CB70080D2BA /* CarDVRAnnotation.m */; };
		F6BBF38218D75CCC0080D2BA /* CarDVRLocation.m in Sources */ = {isa = PBXBuildFile; fileRef = F6BBF38118D75CCC0080D2BA /* CarDVRLocation.m */; };
		F6D17D8B1826970A003D965C /* CarDVRVideoDetailViewController.m in Sources */ = {isa = PBXBuildFile; fileRef = F6D17D891826970A003D965C /* CarDVRVideoDetailViewController.m */; };
		F6D17D9118279931003D965C /* MediaPlayer.framework in Frameworks */ = {isa = PBXBuildFile; fileRef = F6D17D9018279931003D965C /* MediaPlayer.framework */; };
		F6D3720C180BE9C00076B2EC /* Foundation.framework in Frameworks */ = {isa = PBXBuildFile; fileRef = F6D3720B180BE9C00076B2EC /* Foundation.framework */; };
		F6D3720E180BE9C00076B2EC /* CoreGraphics.framework in Frameworks */ = {isa = PBXBuildFile; fileRef = F6D3720D180BE9C00076B2EC /* CoreGraphics.framework */; };
		F6D37210180BE9C00076B2EC /* UIKit.framework in Frameworks */ = {isa = PBXBuildFile; fileRef = F6D3720F180BE9C00076B2EC /* UIKit.framework */; };
		F6D37225180BE9C00076B2EC /* XCTest.framework in Frameworks */ = {isa = PBXBuildFile; fileRef = F6D37224180BE9C00076B2EC /* XCTest.framework */; };
		F6D37226180BE9C00076B2EC /* Foundation.framework in Frameworks */ = {isa = PBXBuildFile; fileRef = F6D3720B180BE9C00076B2EC /* Foundation.framework */; };
		F6D37227180BE9C00076B2EC /* UIKit.framework in Frameworks */ = {isa = PBXBuildFile; fileRef = F6D3720F180BE9C00076B2EC /* UIKit.framework */; };
		F6D3722F180BE9C00076B2EC /* InfoPlist.strings in Resources */ = {isa = PBXBuildFile; fileRef = F6D3722D180BE9C00076B2EC /* InfoPlist.strings */; };
		F6D37231180BE9C00076B2EC /* CarDVRTests.m in Sources */ = {isa = PBXBuildFile; fileRef = F6D37230180BE9C00076B2EC /* CarDVRTests.m */; };
		F6D3723F180BEB970076B2EC /* CarDVRAppDelegate.m in Sources */ = {isa = PBXBuildFile; fileRef = F6D3723D180BEB970076B2EC /* CarDVRAppDelegate.m */; };
		F6D37240180BEB970076B2EC /* main.m in Sources */ = {isa = PBXBuildFile; fileRef = F6D3723E180BEB970076B2EC /* main.m */; };
		F6D3724C180BEBC40076B2EC /* InfoPlist.strings in Resources */ = {isa = PBXBuildFile; fileRef = F6D3724A180BEBC40076B2EC /* InfoPlist.strings */; };
		F6D37252180BEF230076B2EC /* CarDVRCameraViewController.m in Sources */ = {isa = PBXBuildFile; fileRef = F6D37250180BEF230076B2EC /* CarDVRCameraViewController.m */; };
		F6D37258180BF90B0076B2EC /* AVFoundation.framework in Frameworks */ = {isa = PBXBuildFile; fileRef = F6D37257180BF90B0076B2EC /* AVFoundation.framework */; };
		F6DF190C190C0F1A00303349 /* CarDVRVideoTableViewCell.m in Sources */ = {isa = PBXBuildFile; fileRef = F62987451847A05C00CD25E7 /* CarDVRVideoTableViewCell.m */; };
		F6DF190D190C0F1A00303349 /* CarDVRVideoBrowserViewController.m in Sources */ = {isa = PBXBuildFile; fileRef = F6B0F9F21820CB1800A46E3C /* CarDVRVideoBrowserViewController.m */; };
		F6DF190E190C0F1A00303349 /* CarDVRVideoCapturerInterval.m in Sources */ = {isa = PBXBuildFile; fileRef = F6F0FC21181E7760000562DF /* CarDVRVideoCapturerInterval.m */; };
		F6DF190F190C0F1A00303349 /* CarDVRSettingsViewController.m in Sources */ = {isa = PBXBuildFile; fileRef = F6B0FA021820EC0300A46E3C /* CarDVRSettingsViewController.m */; };
		F6DF1910190C0F1A00303349 /* main.m in Sources */ = {isa = PBXBuildFile; fileRef = F6D3723E180BEB970076B2EC /* main.m */; };
		F6DF1911190C0F1A00303349 /* CarDVRVideoDetailViewController.m in Sources */ = {isa = PBXBuildFile; fileRef = F6D17D891826970A003D965C /* CarDVRVideoDetailViewController.m */; };
		F6DF1912190C0F1A00303349 /* CarDVRHomeViewController.m in Sources */ = {isa = PBXBuildFile; fileRef = F677D92F1819636300C57AE0 /* CarDVRHomeViewController.m */; };
		F6DF1913190C0F1A00303349 /* CarDVRPathHelper.m in Sources */ = {isa = PBXBuildFile; fileRef = F6FEE81F180D9CDE00034B6A /* CarDVRPathHelper.m */; };
		F6DF1914190C0F1A00303349 /* CarDVRLocationDetector.m in Sources */ = {isa = PBXBuildFile; fileRef = F62323EB186C421600123109 /* CarDVRLocationDetector.m */; };
		F6DF1915190C0F1A00303349 /* CarDVRTracksLayerView.m in Sources */ = {isa = PBXBuildFile; fileRef = F6BBF37318D7449D0080D2BA /* CarDVRTracksLayerView.m */; };
		F6DF1916190C0F1A00303349 /* CarDVRMeasurementConverter.m in Sources */ = {isa = PBXBuildFile; fileRef = F6AD6E8018951B6F0006DA59 /* CarDVRMeasurementConverter.m */; };
		F6DF1917190C0F1A00303349 /* CarDVRMaxClipDurationSettingViewController.m in Sources */ = {isa = PBXBuildFile; fileRef = F6298748184860D700CD25E7 /* CarDVRMaxClipDurationSettingViewController.m */; };
		F6DF1918190C0F1A00303349 /* CarDVRAssetWriter.m in Sources */ = {isa = PBXBuildFile; fileRef = F6214004183DB2EE004630FE /* CarDVRAssetWriter.m */; };
		F6DF1919190C0F1A00303349 /* CarDVRLocation.m in Sources */ = {isa = PBXBuildFile; fileRef = F6BBF38118D75CCC0080D2BA /* CarDVRLocation.m */; };
		F6DF191A190C0F1A00303349 /* CarDVRResolutionSettingViewController.m in Sources */ = {isa = PBXBuildFile; fileRef = F6F8EA9E18C6D0DA00C54CC3 /* CarDVRResolutionSettingViewController.m */; };
		F6DF191B190C0F1A00303349 /* CarDVRTracksViewController.m in Sources */ = {isa = PBXBuildFile; fileRef = F6EC81F218D070B6002785B5 /* CarDVRTracksViewController.m */; };
		F6DF191C190C0F1A00303349 /* CarDVRAppDelegate.m in Sources */ = {isa = PBXBuildFile; fileRef = F6D3723D180BEB970076B2EC /* CarDVRAppDelegate.m */; };
		F6DF191D190C0F1A00303349 /* CarDVRCameraViewController.m in Sources */ = {isa = PBXBuildFile; fileRef = F6D37250180BEF230076B2EC /* CarDVRCameraViewController.m */; };
		F6DF191E190C0F1A00303349 /* CarDVRTracksOverlay.m in Sources */ = {isa = PBXBuildFile; fileRef = F6BBF37818D752920080D2BA /* CarDVRTracksOverlay.m */; };
		F6DF191F190C0F1A00303349 /* CarDVRAnnotation.m in Sources */ = {isa = PBXBuildFile; fileRef = F6BBF37E18D75CB70080D2BA /* CarDVRAnnotation.m */; };
		F6DF1920190C0F1A00303349 /* CarDVRVideoItem.m in Sources */ = {isa = PBXBuildFile; fileRef = F6EC81F718D0AC48002785B5 /* CarDVRVideoItem.m */; };
		F6DF1921190C0F1A00303349 /* CarDVRSettings.m in Sources */ = {isa = PBXBuildFile; fileRef = F6F0FC24181F589F000562DF /* CarDVRSettings.m */; };
		F6DF1922190C0F1A00303349 /* CarDVRVideoCapturer.m in Sources */ = {isa = PBXBuildFile; fileRef = F6FEE81A180CE75400034B6A /* CarDVRVideoCapturer.m */; };
		F6DF1923190C0F1A00303349 /* CarDVRVideoClipURLs.m in Sources */ = {isa = PBXBuildFile; fileRef = F6137558188698F200B479DE /* CarDVRVideoClipURLs.m */; };
		F6DF1924190C0F1A00303349 /* CarDVRStorageInfo.m in Sources */ = {isa = PBXBuildFile; fileRef = F6066CFB18683F6800D0C051 /* CarDVRStorageInfo.m */; };
		F6DF1926190C0F1A00303349 /* libGPX.a in Frameworks */ = {isa = PBXBuildFile; fileRef = F6FB968518C8B5CB00857BA2 /* libGPX.a */; };
		F6DF1927190C0F1A00303349 /* AssetsLibrary.framework in Frameworks */ = {isa = PBXBuildFile; fileRef = F632827A18C9DC25007EE5D1 /* AssetsLibrary.framework */; };
		F6DF1928190C0F1A00303349 /* ImageIO.framework in Frameworks */ = {isa = PBXBuildFile; fileRef = F632827618C9D948007EE5D1 /* ImageIO.framework */; };
		F6DF1929190C0F1A00303349 /* CoreLocation.framework in Frameworks */ = {isa = PBXBuildFile; fileRef = F62323E7186C34BB00123109 /* CoreLocation.framework */; };
		F6DF192A190C0F1A00303349 /* MediaPlayer.framework in Frameworks */ = {isa = PBXBuildFile; fileRef = F6D17D9018279931003D965C /* MediaPlayer.framework */; };
		F6DF192B190C0F1A00303349 /* AVFoundation.framework in Frameworks */ = {isa = PBXBuildFile; fileRef = F6D37257180BF90B0076B2EC /* AVFoundation.framework */; };
		F6DF192C190C0F1A00303349 /* CoreGraphics.framework in Frameworks */ = {isa = PBXBuildFile; fileRef = F6D3720D180BE9C00076B2EC /* CoreGraphics.framework */; };
		F6DF192D190C0F1A00303349 /* MapKit.framework in Frameworks */ = {isa = PBXBuildFile; fileRef = F6B0FA091821F6F400A46E3C /* MapKit.framework */; };
		F6DF192E190C0F1A00303349 /* StoreKit.framework in Frameworks */ = {isa = PBXBuildFile; fileRef = F6B0FA0C1821F72900A46E3C /* StoreKit.framework */; };
		F6DF192F190C0F1A00303349 /* UIKit.framework in Frameworks */ = {isa = PBXBuildFile; fileRef = F6D3720F180BE9C00076B2EC /* UIKit.framework */; };
		F6DF1930190C0F1A00303349 /* Foundation.framework in Frameworks */ = {isa = PBXBuildFile; fileRef = F6D3720B180BE9C00076B2EC /* Foundation.framework */; };
		F6DF1932190C0F1A00303349 /* Localizable.strings in Resources */ = {isa = PBXBuildFile; fileRef = F6B0F9D41820AAA100A46E3C /* Localizable.strings */; };
		F6DF1933190C0F1A00303349 /* CarDVR.storyboard in Resources */ = {isa = PBXBuildFile; fileRef = F6F2E2F218477CB90004199D /* CarDVR.storyboard */; };
		F6DF1934190C0F1A00303349 /* Images.xcassets in Resources */ = {isa = PBXBuildFile; fileRef = F6F48D5018BC32EA009DE04C /* Images.xcassets */; };
		F6DF1935190C0F1A00303349 /* Localizable.strings in Resources */ = {isa = PBXBuildFile; fileRef = F6B0FA52182224CD00A46E3C /* Localizable.strings */; };
		F6DF1936190C0F1A00303349 /* InfoPlist.strings in Resources */ = {isa = PBXBuildFile; fileRef = F6D3724A180BEBC40076B2EC /* InfoPlist.strings */; };
		F6DF1937190C0F1A00303349 /* InfoPlist.strings in Resources */ = {isa = PBXBuildFile; fileRef = F6B0FA50182224CD00A46E3C /* InfoPlist.strings */; };
		F6EC81F318D070B6002785B5 /* CarDVRTracksViewController.m in Sources */ = {isa = PBXBuildFile; fileRef = F6EC81F218D070B6002785B5 /* CarDVRTracksViewController.m */; };
		F6EC81F818D0AC48002785B5 /* CarDVRVideoItem.m in Sources */ = {isa = PBXBuildFile; fileRef = F6EC81F718D0AC48002785B5 /* CarDVRVideoItem.m */; };
		F6F0FC22181E7760000562DF /* CarDVRVideoCapturerInterval.m in Sources */ = {isa = PBXBuildFile; fileRef = F6F0FC21181E7760000562DF /* CarDVRVideoCapturerInterval.m */; };
		F6F0FC25181F589F000562DF /* CarDVRSettings.m in Sources */ = {isa = PBXBuildFile; fileRef = F6F0FC24181F589F000562DF /* CarDVRSettings.m */; };
		F6F2E2F418477CB90004199D /* CarDVR.storyboard in Resources */ = {isa = PBXBuildFile; fileRef = F6F2E2F218477CB90004199D /* CarDVR.storyboard */; };
		F6F48D5118BC32EA009DE04C /* Images.xcassets in Resources */ = {isa = PBXBuildFile; fileRef = F6F48D5018BC32EA009DE04C /* Images.xcassets */; };
		F6F8EA9F18C6D0DA00C54CC3 /* CarDVRResolutionSettingViewController.m in Sources */ = {isa = PBXBuildFile; fileRef = F6F8EA9E18C6D0DA00C54CC3 /* CarDVRResolutionSettingViewController.m */; };
		F6FB968818C8B5DA00857BA2 /* libGPX.a in Frameworks */ = {isa = PBXBuildFile; fileRef = F6FB968518C8B5CB00857BA2 /* libGPX.a */; };
		F6FEE81B180CE75400034B6A /* CarDVRVideoCapturer.m in Sources */ = {isa = PBXBuildFile; fileRef = F6FEE81A180CE75400034B6A /* CarDVRVideoCapturer.m */; };
		F6FEE820180D9CDE00034B6A /* CarDVRPathHelper.m in Sources */ = {isa = PBXBuildFile; fileRef = F6FEE81F180D9CDE00034B6A /* CarDVRPathHelper.m */; };
/* End PBXBuildFile section */

/* Begin PBXContainerItemProxy section */
		F6D37228180BE9C00076B2EC /* PBXContainerItemProxy */ = {
			isa = PBXContainerItemProxy;
			containerPortal = F6D37200180BE9C00076B2EC /* Project object */;
			proxyType = 1;
			remoteGlobalIDString = F6D37207180BE9C00076B2EC;
			remoteInfo = CarDVR;
		};
		F6FB968418C8B5CB00857BA2 /* PBXContainerItemProxy */ = {
			isa = PBXContainerItemProxy;
			containerPortal = F6FB967F18C8B5CB00857BA2 /* GPX.xcodeproj */;
			proxyType = 2;
			remoteGlobalIDString = F6FB95CD18C8B01300857BA2;
			remoteInfo = GPX;
		};
		F6FB968618C8B5CB00857BA2 /* PBXContainerItemProxy */ = {
			isa = PBXContainerItemProxy;
			containerPortal = F6FB967F18C8B5CB00857BA2 /* GPX.xcodeproj */;
			proxyType = 2;
			remoteGlobalIDString = F6FB95DD18C8B01400857BA2;
			remoteInfo = GPXTests;
		};
/* End PBXContainerItemProxy section */

/* Begin PBXFileReference section */
		F6066CFA18683F6800D0C051 /* CarDVRStorageInfo.h */ = {isa = PBXFileReference; fileEncoding = 4; lastKnownFileType = sourcecode.c.h; path = CarDVRStorageInfo.h; sourceTree = "<group>"; };
		F6066CFB18683F6800D0C051 /* CarDVRStorageInfo.m */ = {isa = PBXFileReference; fileEncoding = 4; lastKnownFileType = sourcecode.c.objc; path = CarDVRStorageInfo.m; sourceTree = "<group>"; };
		F60D0B9318237848004162C6 /* Coverage.geojson */ = {isa = PBXFileReference; lastKnownFileType = text; path = Coverage.geojson; sourceTree = "<group>"; };
		F6137557188698F200B479DE /* CarDVRVideoClipURLs.h */ = {isa = PBXFileReference; fileEncoding = 4; lastKnownFileType = sourcecode.c.h; path = CarDVRVideoClipURLs.h; sourceTree = "<group>"; };
		F6137558188698F200B479DE /* CarDVRVideoClipURLs.m */ = {isa = PBXFileReference; fileEncoding = 4; lastKnownFileType = sourcecode.c.objc; path = CarDVRVideoClipURLs.m; sourceTree = "<group>"; };
		F6214003183DB2EE004630FE /* CarDVRAssetWriter.h */ = {isa = PBXFileReference; fileEncoding = 4; lastKnownFileType = sourcecode.c.h; path = CarDVRAssetWriter.h; sourceTree = "<group>"; };
		F6214004183DB2EE004630FE /* CarDVRAssetWriter.m */ = {isa = PBXFileReference; fileEncoding = 4; lastKnownFileType = sourcecode.c.objc; path = CarDVRAssetWriter.m; sourceTree = "<group>"; };
		F62323E7186C34BB00123109 /* CoreLocation.framework */ = {isa = PBXFileReference; lastKnownFileType = wrapper.framework; name = CoreLocation.framework; path = System/Library/Frameworks/CoreLocation.framework; sourceTree = SDKROOT; };
		F62323EA186C421600123109 /* CarDVRLocationDetector.h */ = {isa = PBXFileReference; fileEncoding = 4; lastKnownFileType = sourcecode.c.h; path = CarDVRLocationDetector.h; sourceTree = "<group>"; };
		F62323EB186C421600123109 /* CarDVRLocationDetector.m */ = {isa = PBXFileReference; fileEncoding = 4; lastKnownFileType = sourcecode.c.objc; path = CarDVRLocationDetector.m; sourceTree = "<group>"; };
		F62987441847A05C00CD25E7 /* CarDVRVideoTableViewCell.h */ = {isa = PBXFileReference; fileEncoding = 4; lastKnownFileType = sourcecode.c.h; path = CarDVRVideoTableViewCell.h; sourceTree = "<group>"; };
		F62987451847A05C00CD25E7 /* CarDVRVideoTableViewCell.m */ = {isa = PBXFileReference; fileEncoding = 4; lastKnownFileType = sourcecode.c.objc; path = CarDVRVideoTableViewCell.m; sourceTree = "<group>"; };
		F6298747184860D700CD25E7 /* CarDVRMaxClipDurationSettingViewController.h */ = {isa = PBXFileReference; fileEncoding = 4; lastKnownFileType = sourcecode.c.h; path = CarDVRMaxClipDurationSettingViewController.h; sourceTree = "<group>"; };
		F6298748184860D700CD25E7 /* CarDVRMaxClipDurationSettingViewController.m */ = {isa = PBXFileReference; fileEncoding = 4; lastKnownFileType = sourcecode.c.objc; path = CarDVRMaxClipDurationSettingViewController.m; sourceTree = "<group>"; };
		F632827618C9D948007EE5D1 /* ImageIO.framework */ = {isa = PBXFileReference; lastKnownFileType = wrapper.framework; name = ImageIO.framework; path = System/Library/Frameworks/ImageIO.framework; sourceTree = SDKROOT; };
		F632827A18C9DC25007EE5D1 /* AssetsLibrary.framework */ = {isa = PBXFileReference; lastKnownFileType = wrapper.framework; name = AssetsLibrary.framework; path = System/Library/Frameworks/AssetsLibrary.framework; sourceTree = SDKROOT; };
		F677D92E1819636300C57AE0 /* CarDVRHomeViewController.h */ = {isa = PBXFileReference; fileEncoding = 4; lastKnownFileType = sourcecode.c.h; path = CarDVRHomeViewController.h; sourceTree = "<group>"; };
		F677D92F1819636300C57AE0 /* CarDVRHomeViewController.m */ = {isa = PBXFileReference; fileEncoding = 4; lastKnownFileType = sourcecode.c.objc; path = CarDVRHomeViewController.m; sourceTree = "<group>"; };
		F6AD6E7F18951B6F0006DA59 /* CarDVRMeasurementConverter.h */ = {isa = PBXFileReference; fileEncoding = 4; lastKnownFileType = sourcecode.c.h; path = CarDVRMeasurementConverter.h; sourceTree = "<group>"; };
		F6AD6E8018951B6F0006DA59 /* CarDVRMeasurementConverter.m */ = {isa = PBXFileReference; fileEncoding = 4; lastKnownFileType = sourcecode.c.objc; path = CarDVRMeasurementConverter.m; sourceTree = "<group>"; };
		F6B0F9D51820AAA200A46E3C /* en */ = {isa = PBXFileReference; lastKnownFileType = text.plist.strings; name = en; path = Localizable.strings; sourceTree = "<group>"; };
		F6B0F9F11820CB1800A46E3C /* CarDVRVideoBrowserViewController.h */ = {isa = PBXFileReference; fileEncoding = 4; lastKnownFileType = sourcecode.c.h; path = CarDVRVideoBrowserViewController.h; sourceTree = "<group>"; };
		F6B0F9F21820CB1800A46E3C /* CarDVRVideoBrowserViewController.m */ = {isa = PBXFileReference; fileEncoding = 4; lastKnownFileType = sourcecode.c.objc; path = CarDVRVideoBrowserViewController.m; sourceTree = "<group>"; };
		F6B0FA011820EC0300A46E3C /* CarDVRSettingsViewController.h */ = {isa = PBXFileReference; fileEncoding = 4; lastKnownFileType = sourcecode.c.h; path = CarDVRSettingsViewController.h; sourceTree = "<group>"; };
		F6B0FA021820EC0300A46E3C /* CarDVRSettingsViewController.m */ = {isa = PBXFileReference; fileEncoding = 4; lastKnownFileType = sourcecode.c.objc; path = CarDVRSettingsViewController.m; sourceTree = "<group>"; };
		F6B0FA091821F6F400A46E3C /* MapKit.framework */ = {isa = PBXFileReference; lastKnownFileType = wrapper.framework; name = MapKit.framework; path = System/Library/Frameworks/MapKit.framework; sourceTree = SDKROOT; };
		F6B0FA0B1821F71900A46E3C /* CarDVR.entitlements */ = {isa = PBXFileReference; lastKnownFileType = text.xml; path = CarDVR.entitlements; sourceTree = "<group>"; };
		F6B0FA0C1821F72900A46E3C /* StoreKit.framework */ = {isa = PBXFileReference; lastKnownFileType = wrapper.framework; name = StoreKit.framework; path = System/Library/Frameworks/StoreKit.framework; sourceTree = SDKROOT; };
		F6B0FA51182224CD00A46E3C /* zh-Hans */ = {isa = PBXFileReference; lastKnownFileType = text.plist.strings; name = "zh-Hans"; path = InfoPlist.strings; sourceTree = "<group>"; };
		F6B0FA53182224CD00A46E3C /* zh-Hans */ = {isa = PBXFileReference; lastKnownFileType = text.plist.strings; name = "zh-Hans"; path = Localizable.strings; sourceTree = "<group>"; };
		F6BBF37218D7449D0080D2BA /* CarDVRTracksLayerView.h */ = {isa = PBXFileReference; fileEncoding = 4; lastKnownFileType = sourcecode.c.h; path = CarDVRTracksLayerView.h; sourceTree = "<group>"; };
		F6BBF37318D7449D0080D2BA /* CarDVRTracksLayerView.m */ = {isa = PBXFileReference; fileEncoding = 4; lastKnownFileType = sourcecode.c.objc; path = CarDVRTracksLayerView.m; sourceTree = "<group>"; };
		F6BBF37718D752920080D2BA /* CarDVRTracksOverlay.h */ = {isa = PBXFileReference; fileEncoding = 4; lastKnownFileType = sourcecode.c.h; path = CarDVRTracksOverlay.h; sourceTree = "<group>"; };
		F6BBF37818D752920080D2BA /* CarDVRTracksOverlay.m */ = {isa = PBXFileReference; fileEncoding = 4; lastKnownFileType = sourcecode.c.objc; path = CarDVRTracksOverlay.m; sourceTree = "<group>"; };
		F6BBF37D18D75CB70080D2BA /* CarDVRAnnotation.h */ = {isa = PBXFileReference; fileEncoding = 4; lastKnownFileType = sourcecode.c.h; path = CarDVRAnnotation.h; sourceTree = "<group>"; };
		F6BBF37E18D75CB70080D2BA /* CarDVRAnnotation.m */ = {isa = PBXFileReference; fileEncoding = 4; lastKnownFileType = sourcecode.c.objc; path = CarDVRAnnotation.m; sourceTree = "<group>"; };
		F6BBF38018D75CCC0080D2BA /* CarDVRLocation.h */ = {isa = PBXFileReference; fileEncoding = 4; lastKnownFileType = sourcecode.c.h; path = CarDVRLocation.h; sourceTree = "<group>"; };
		F6BBF38118D75CCC0080D2BA /* CarDVRLocation.m */ = {isa = PBXFileReference; fileEncoding = 4; lastKnownFileType = sourcecode.c.objc; path = CarDVRLocation.m; sourceTree = "<group>"; };
		F6D17D881826970A003D965C /* CarDVRVideoDetailViewController.h */ = {isa = PBXFileReference; fileEncoding = 4; lastKnownFileType = sourcecode.c.h; path = CarDVRVideoDetailViewController.h; sourceTree = "<group>"; };
		F6D17D891826970A003D965C /* CarDVRVideoDetailViewController.m */ = {isa = PBXFileReference; fileEncoding = 4; lastKnownFileType = sourcecode.c.objc; path = CarDVRVideoDetailViewController.m; sourceTree = "<group>"; };
		F6D17D9018279931003D965C /* MediaPlayer.framework */ = {isa = PBXFileReference; lastKnownFileType = wrapper.framework; name = MediaPlayer.framework; path = System/Library/Frameworks/MediaPlayer.framework; sourceTree = SDKROOT; };
		F6D17D921828CF3B003D965C /* CarDVRVideoCapturerConstants.h */ = {isa = PBXFileReference; fileEncoding = 4; lastKnownFileType = sourcecode.c.h; path = CarDVRVideoCapturerConstants.h; sourceTree = "<group>"; };
		F6D37208180BE9C00076B2EC /* iCarDVR.app */ = {isa = PBXFileReference; explicitFileType = wrapper.application; includeInIndex = 0; path = iCarDVR.app; sourceTree = BUILT_PRODUCTS_DIR; };
		F6D3720B180BE9C00076B2EC /* Foundation.framework */ = {isa = PBXFileReference; lastKnownFileType = wrapper.framework; name = Foundation.framework; path = System/Library/Frameworks/Foundation.framework; sourceTree = SDKROOT; };
		F6D3720D180BE9C00076B2EC /* CoreGraphics.framework */ = {isa = PBXFileReference; lastKnownFileType = wrapper.framework; name = CoreGraphics.framework; path = System/Library/Frameworks/CoreGraphics.framework; sourceTree = SDKROOT; };
		F6D3720F180BE9C00076B2EC /* UIKit.framework */ = {isa = PBXFileReference; lastKnownFileType = wrapper.framework; name = UIKit.framework; path = System/Library/Frameworks/UIKit.framework; sourceTree = SDKROOT; };
		F6D37223180BE9C00076B2EC /* CarDVRTests.xctest */ = {isa = PBXFileReference; explicitFileType = wrapper.cfbundle; includeInIndex = 0; path = CarDVRTests.xctest; sourceTree = BUILT_PRODUCTS_DIR; };
		F6D37224180BE9C00076B2EC /* XCTest.framework */ = {isa = PBXFileReference; lastKnownFileType = wrapper.framework; name = XCTest.framework; path = Library/Frameworks/XCTest.framework; sourceTree = DEVELOPER_DIR; };
		F6D3722C180BE9C00076B2EC /* CarDVRTests-Info.plist */ = {isa = PBXFileReference; lastKnownFileType = text.plist.xml; path = "CarDVRTests-Info.plist"; sourceTree = "<group>"; };
		F6D3722E180BE9C00076B2EC /* en */ = {isa = PBXFileReference; lastKnownFileType = text.plist.strings; name = en; path = en.lproj/InfoPlist.strings; sourceTree = "<group>"; };
		F6D37230180BE9C00076B2EC /* CarDVRTests.m */ = {isa = PBXFileReference; lastKnownFileType = sourcecode.c.objc; path = CarDVRTests.m; sourceTree = "<group>"; };
		F6D3723B180BEB970076B2EC /* CarDVR-Prefix.pch */ = {isa = PBXFileReference; fileEncoding = 4; lastKnownFileType = sourcecode.c.h; path = "CarDVR-Prefix.pch"; sourceTree = "<group>"; };
		F6D3723C180BEB970076B2EC /* CarDVRAppDelegate.h */ = {isa = PBXFileReference; fileEncoding = 4; lastKnownFileType = sourcecode.c.h; path = CarDVRAppDelegate.h; sourceTree = "<group>"; };
		F6D3723D180BEB970076B2EC /* CarDVRAppDelegate.m */ = {isa = PBXFileReference; fileEncoding = 4; lastKnownFileType = sourcecode.c.objc; path = CarDVRAppDelegate.m; sourceTree = "<group>"; };
		F6D3723E180BEB970076B2EC /* main.m */ = {isa = PBXFileReference; fileEncoding = 4; lastKnownFileType = sourcecode.c.objc; path = main.m; sourceTree = "<group>"; };
		F6D37242180BEBAA0076B2EC /* CarDVR-Info.plist */ = {isa = PBXFileReference; fileEncoding = 4; lastKnownFileType = text.plist.xml; path = "CarDVR-Info.plist"; sourceTree = "<group>"; };
		F6D3724B180BEBC40076B2EC /* en */ = {isa = PBXFileReference; lastKnownFileType = text.plist.strings; name = en; path = InfoPlist.strings; sourceTree = "<group>"; };
		F6D3724F180BEF230076B2EC /* CarDVRCameraViewController.h */ = {isa = PBXFileReference; fileEncoding = 4; lastKnownFileType = sourcecode.c.h; path = CarDVRCameraViewController.h; sourceTree = "<group>"; };
		F6D37250180BEF230076B2EC /* CarDVRCameraViewController.m */ = {isa = PBXFileReference; fileEncoding = 4; lastKnownFileType = sourcecode.c.objc; path = CarDVRCameraViewController.m; sourceTree = "<group>"; };
		F6D37257180BF90B0076B2EC /* AVFoundation.framework */ = {isa = PBXFileReference; lastKnownFileType = wrapper.framework; name = AVFoundation.framework; path = System/Library/Frameworks/AVFoundation.framework; sourceTree = SDKROOT; };
		F6DF193B190C0F1A00303349 /* iCarDVR Free.app */ = {isa = PBXFileReference; explicitFileType = wrapper.application; includeInIndex = 0; path = "iCarDVR Free.app"; sourceTree = BUILT_PRODUCTS_DIR; };
		F6DF193D190C10CD00303349 /* CarDVR-Free-Info.plist */ = {isa = PBXFileReference; fileEncoding = 4; lastKnownFileType = text.plist.xml; path = "CarDVR-Free-Info.plist"; sourceTree = "<group>"; };
		F6EC81F118D070B6002785B5 /* CarDVRTracksViewController.h */ = {isa = PBXFileReference; fileEncoding = 4; lastKnownFileType = sourcecode.c.h; path = CarDVRTracksViewController.h; sourceTree = "<group>"; };
		F6EC81F218D070B6002785B5 /* CarDVRTracksViewController.m */ = {isa = PBXFileReference; fileEncoding = 4; lastKnownFileType = sourcecode.c.objc; path = CarDVRTracksViewController.m; sourceTree = "<group>"; };
		F6EC81F618D0AC48002785B5 /* CarDVRVideoItem.h */ = {isa = PBXFileReference; fileEncoding = 4; lastKnownFileType = sourcecode.c.h; path = CarDVRVideoItem.h; sourceTree = "<group>"; };
		F6EC81F718D0AC48002785B5 /* CarDVRVideoItem.m */ = {isa = PBXFileReference; fileEncoding = 4; lastKnownFileType = sourcecode.c.objc; path = CarDVRVideoItem.m; sourceTree = "<group>"; };
		F6F0FC20181E7760000562DF /* CarDVRVideoCapturerInterval.h */ = {isa = PBXFileReference; fileEncoding = 4; lastKnownFileType = sourcecode.c.h; path = CarDVRVideoCapturerInterval.h; sourceTree = "<group>"; };
		F6F0FC21181E7760000562DF /* CarDVRVideoCapturerInterval.m */ = {isa = PBXFileReference; fileEncoding = 4; lastKnownFileType = sourcecode.c.objc; path = CarDVRVideoCapturerInterval.m; sourceTree = "<group>"; };
		F6F0FC23181F589F000562DF /* CarDVRSettings.h */ = {isa = PBXFileReference; fileEncoding = 4; lastKnownFileType = sourcecode.c.h; path = CarDVRSettings.h; sourceTree = "<group>"; };
		F6F0FC24181F589F000562DF /* CarDVRSettings.m */ = {isa = PBXFileReference; fileEncoding = 4; lastKnownFileType = sourcecode.c.objc; path = CarDVRSettings.m; sourceTree = "<group>"; };
		F6F2E2F318477CB90004199D /* en */ = {isa = PBXFileReference; lastKnownFileType = file.storyboard; name = en; path = CarDVR.storyboard; sourceTree = "<group>"; };
		F6F48D5018BC32EA009DE04C /* Images.xcassets */ = {isa = PBXFileReference; lastKnownFileType = folder.assetcatalog; path = Images.xcassets; sourceTree = "<group>"; };
		F6F8EA9D18C6D0DA00C54CC3 /* CarDVRResolutionSettingViewController.h */ = {isa = PBXFileReference; fileEncoding = 4; lastKnownFileType = sourcecode.c.h; path = CarDVRResolutionSettingViewController.h; sourceTree = "<group>"; };
		F6F8EA9E18C6D0DA00C54CC3 /* CarDVRResolutionSettingViewController.m */ = {isa = PBXFileReference; fileEncoding = 4; lastKnownFileType = sourcecode.c.objc; path = CarDVRResolutionSettingViewController.m; sourceTree = "<group>"; };
		F6FB967F18C8B5CB00857BA2 /* GPX.xcodeproj */ = {isa = PBXFileReference; lastKnownFileType = "wrapper.pb-project"; name = GPX.xcodeproj; path = GPX/GPX.xcodeproj; sourceTree = "<group>"; };
		F6FEE819180CE75400034B6A /* CarDVRVideoCapturer.h */ = {isa = PBXFileReference; fileEncoding = 4; lastKnownFileType = sourcecode.c.h; path = CarDVRVideoCapturer.h; sourceTree = "<group>"; };
		F6FEE81A180CE75400034B6A /* CarDVRVideoCapturer.m */ = {isa = PBXFileReference; fileEncoding = 4; lastKnownFileType = sourcecode.c.objc; path = CarDVRVideoCapturer.m; sourceTree = "<group>"; };
		F6FEE81E180D9CDE00034B6A /* CarDVRPathHelper.h */ = {isa = PBXFileReference; fileEncoding = 4; lastKnownFileType = sourcecode.c.h; path = CarDVRPathHelper.h; sourceTree = "<group>"; };
		F6FEE81F180D9CDE00034B6A /* CarDVRPathHelper.m */ = {isa = PBXFileReference; fileEncoding = 4; lastKnownFileType = sourcecode.c.objc; path = CarDVRPathHelper.m; sourceTree = "<group>"; };
/* End PBXFileReference section */

/* Begin PBXFrameworksBuildPhase section */
		F6D37205180BE9C00076B2EC /* Frameworks */ = {
			isa = PBXFrameworksBuildPhase;
			buildActionMask = 2147483647;
			files = (
				F6FB968818C8B5DA00857BA2 /* libGPX.a in Frameworks */,
				F632827B18C9DC25007EE5D1 /* AssetsLibrary.framework in Frameworks */,
				F632827718C9D948007EE5D1 /* ImageIO.framework in Frameworks */,
				F62323E8186C34BB00123109 /* CoreLocation.framework in Frameworks */,
				F6D17D9118279931003D965C /* MediaPlayer.framework in Frameworks */,
				F6D37258180BF90B0076B2EC /* AVFoundation.framework in Frameworks */,
				F6D3720E180BE9C00076B2EC /* CoreGraphics.framework in Frameworks */,
				F6B0FA0A1821F6F400A46E3C /* MapKit.framework in Frameworks */,
				F6B0FA0D1821F72900A46E3C /* StoreKit.framework in Frameworks */,
				F6D37210180BE9C00076B2EC /* UIKit.framework in Frameworks */,
				F6D3720C180BE9C00076B2EC /* Foundation.framework in Frameworks */,
			);
			runOnlyForDeploymentPostprocessing = 0;
		};
		F6D37220180BE9C00076B2EC /* Frameworks */ = {
			isa = PBXFrameworksBuildPhase;
			buildActionMask = 2147483647;
			files = (
				F6D37225180BE9C00076B2EC /* XCTest.framework in Frameworks */,
				F6D37227180BE9C00076B2EC /* UIKit.framework in Frameworks */,
				F6D37226180BE9C00076B2EC /* Foundation.framework in Frameworks */,
			);
			runOnlyForDeploymentPostprocessing = 0;
		};
		F6DF1925190C0F1A00303349 /* Frameworks */ = {
			isa = PBXFrameworksBuildPhase;
			buildActionMask = 2147483647;
			files = (
				F6DF1926190C0F1A00303349 /* libGPX.a in Frameworks */,
				F6DF1927190C0F1A00303349 /* AssetsLibrary.framework in Frameworks */,
				F6DF1928190C0F1A00303349 /* ImageIO.framework in Frameworks */,
				F6DF1929190C0F1A00303349 /* CoreLocation.framework in Frameworks */,
				F6DF192A190C0F1A00303349 /* MediaPlayer.framework in Frameworks */,
				F6DF192B190C0F1A00303349 /* AVFoundation.framework in Frameworks */,
				F6DF192C190C0F1A00303349 /* CoreGraphics.framework in Frameworks */,
				F6DF192D190C0F1A00303349 /* MapKit.framework in Frameworks */,
				F6DF192E190C0F1A00303349 /* StoreKit.framework in Frameworks */,
				F6DF192F190C0F1A00303349 /* UIKit.framework in Frameworks */,
				F6DF1930190C0F1A00303349 /* Foundation.framework in Frameworks */,
			);
			runOnlyForDeploymentPostprocessing = 0;
		};
/* End PBXFrameworksBuildPhase section */

/* Begin PBXGroup section */
		F62323E9186C41C600123109 /* Location */ = {
			isa = PBXGroup;
			children = (
				F6BBF38018D75CCC0080D2BA /* CarDVRLocation.h */,
				F6BBF38118D75CCC0080D2BA /* CarDVRLocation.m */,
				F62323EA186C421600123109 /* CarDVRLocationDetector.h */,
				F62323EB186C421600123109 /* CarDVRLocationDetector.m */,
			);
			path = Location;
			sourceTree = "<group>";
		};
		F6AD6E7E1895116F0006DA59 /* Measurement */ = {
			isa = PBXGroup;
			children = (
				F6AD6E7F18951B6F0006DA59 /* CarDVRMeasurementConverter.h */,
				F6AD6E8018951B6F0006DA59 /* CarDVRMeasurementConverter.m */,
			);
			path = Measurement;
			sourceTree = "<group>";
		};
		F6B0FA4F182224CD00A46E3C /* zh-Hans.lproj */ = {
			isa = PBXGroup;
			children = (
				F6B0FA50182224CD00A46E3C /* InfoPlist.strings */,
				F6B0FA52182224CD00A46E3C /* Localizable.strings */,
			);
			path = "zh-Hans.lproj";
			sourceTree = "<group>";
		};
		F6D371FF180BE9C00076B2EC = {
			isa = PBXGroup;
			children = (
				F6D37211180BE9C00076B2EC /* CarDVR */,
				F6D3722A180BE9C00076B2EC /* CarDVRTests */,
				F6D3720A180BE9C00076B2EC /* Frameworks */,
				F6D37209180BE9C00076B2EC /* Products */,
			);
			sourceTree = "<group>";
		};
		F6D37209180BE9C00076B2EC /* Products */ = {
			isa = PBXGroup;
			children = (
				F6D37208180BE9C00076B2EC /* iCarDVR.app */,
				F6D37223180BE9C00076B2EC /* CarDVRTests.xctest */,
				F6DF193B190C0F1A00303349 /* iCarDVR Free.app */,
			);
			name = Products;
			sourceTree = "<group>";
		};
		F6D3720A180BE9C00076B2EC /* Frameworks */ = {
			isa = PBXGroup;
			children = (
				F632827A18C9DC25007EE5D1 /* AssetsLibrary.framework */,
				F632827618C9D948007EE5D1 /* ImageIO.framework */,
				F6FB967F18C8B5CB00857BA2 /* GPX.xcodeproj */,
				F62323E7186C34BB00123109 /* CoreLocation.framework */,
				F6D17D9018279931003D965C /* MediaPlayer.framework */,
				F6B0FA0C1821F72900A46E3C /* StoreKit.framework */,
				F6B0FA091821F6F400A46E3C /* MapKit.framework */,
				F6D37257180BF90B0076B2EC /* AVFoundation.framework */,
				F6D3720B180BE9C00076B2EC /* Foundation.framework */,
				F6D3720D180BE9C00076B2EC /* CoreGraphics.framework */,
				F6D3720F180BE9C00076B2EC /* UIKit.framework */,
				F6D37224180BE9C00076B2EC /* XCTest.framework */,
			);
			name = Frameworks;
			sourceTree = "<group>";
		};
		F6D37211180BE9C00076B2EC /* CarDVR */ = {
			isa = PBXGroup;
			children = (
				F6B0FA0B1821F71900A46E3C /* CarDVR.entitlements */,
				F6D37241180BEBAA0076B2EC /* Resource */,
				F6D3723A180BEB970076B2EC /* Code */,
			);
			path = CarDVR;
			sourceTree = "<group>";
		};
		F6D3722A180BE9C00076B2EC /* CarDVRTests */ = {
			isa = PBXGroup;
			children = (
				F6D37230180BE9C00076B2EC /* CarDVRTests.m */,
				F6D3722B180BE9C00076B2EC /* Supporting Files */,
			);
			path = CarDVRTests;
			sourceTree = "<group>";
		};
		F6D3722B180BE9C00076B2EC /* Supporting Files */ = {
			isa = PBXGroup;
			children = (
				F6D3722C180BE9C00076B2EC /* CarDVRTests-Info.plist */,
				F6D3722D180BE9C00076B2EC /* InfoPlist.strings */,
			);
			name = "Supporting Files";
			sourceTree = "<group>";
		};
		F6D3723A180BEB970076B2EC /* Code */ = {
			isa = PBXGroup;
			children = (
				F62323E9186C41C600123109 /* Location */,
				F6AD6E7E1895116F0006DA59 /* Measurement */,
				F6FEE81D180D9C9D00034B6A /* Storage */,
				F6D3724E180BEE8A0076B2EC /* UI */,
				F6FEE818180CE6A000034B6A /* Video */,
				F6D3723B180BEB970076B2EC /* CarDVR-Prefix.pch */,
				F6D3723C180BEB970076B2EC /* CarDVRAppDelegate.h */,
				F6D3723D180BEB970076B2EC /* CarDVRAppDelegate.m */,
				F6D3723E180BEB970076B2EC /* main.m */,
			);
			path = Code;
			sourceTree = "<group>";
		};
		F6D37241180BEBAA0076B2EC /* Resource */ = {
			isa = PBXGroup;
			children = (
				F6F48D5018BC32EA009DE04C /* Images.xcassets */,
				F6D37249180BEBC40076B2EC /* en.lproj */,
				F6B0FA4F182224CD00A46E3C /* zh-Hans.lproj */,
				F6D37242180BEBAA0076B2EC /* CarDVR-Info.plist */,
				F6DF193D190C10CD00303349 /* CarDVR-Free-Info.plist */,
				F60D0B9318237848004162C6 /* Coverage.geojson */,
			);
			path = Resource;
			sourceTree = "<group>";
		};
		F6D37249180BEBC40076B2EC /* en.lproj */ = {
			isa = PBXGroup;
			children = (
				F6F2E2F218477CB90004199D /* CarDVR.storyboard */,
				F6D3724A180BEBC40076B2EC /* InfoPlist.strings */,
				F6B0F9D41820AAA100A46E3C /* Localizable.strings */,
			);
			path = en.lproj;
			sourceTree = "<group>";
		};
		F6D3724E180BEE8A0076B2EC /* UI */ = {
			isa = PBXGroup;
			children = (
				F6BBF37D18D75CB70080D2BA /* CarDVRAnnotation.h */,
				F6BBF37E18D75CB70080D2BA /* CarDVRAnnotation.m */,
				F6D3724F180BEF230076B2EC /* CarDVRCameraViewController.h */,
				F6D37250180BEF230076B2EC /* CarDVRCameraViewController.m */,
				F677D92E1819636300C57AE0 /* CarDVRHomeViewController.h */,
				F677D92F1819636300C57AE0 /* CarDVRHomeViewController.m */,
				F6298747184860D700CD25E7 /* CarDVRMaxClipDurationSettingViewController.h */,
				F6298748184860D700CD25E7 /* CarDVRMaxClipDurationSettingViewController.m */,
				F6F8EA9D18C6D0DA00C54CC3 /* CarDVRResolutionSettingViewController.h */,
				F6F8EA9E18C6D0DA00C54CC3 /* CarDVRResolutionSettingViewController.m */,
				F6B0FA011820EC0300A46E3C /* CarDVRSettingsViewController.h */,
				F6B0FA021820EC0300A46E3C /* CarDVRSettingsViewController.m */,
				F6BBF37218D7449D0080D2BA /* CarDVRTracksLayerView.h */,
				F6BBF37318D7449D0080D2BA /* CarDVRTracksLayerView.m */,
				F6BBF37718D752920080D2BA /* CarDVRTracksOverlay.h */,
				F6BBF37818D752920080D2BA /* CarDVRTracksOverlay.m */,
				F6EC81F118D070B6002785B5 /* CarDVRTracksViewController.h */,
				F6EC81F218D070B6002785B5 /* CarDVRTracksViewController.m */,
				F6B0F9F11820CB1800A46E3C /* CarDVRVideoBrowserViewController.h */,
				F6B0F9F21820CB1800A46E3C /* CarDVRVideoBrowserViewController.m */,
				F6D17D881826970A003D965C /* CarDVRVideoDetailViewController.h */,
				F6D17D891826970A003D965C /* CarDVRVideoDetailViewController.m */,
				F62987441847A05C00CD25E7 /* CarDVRVideoTableViewCell.h */,
				F62987451847A05C00CD25E7 /* CarDVRVideoTableViewCell.m */,
			);
			path = UI;
			sourceTree = "<group>";
		};
		F6FB968018C8B5CB00857BA2 /* Products */ = {
			isa = PBXGroup;
			children = (
				F6FB968518C8B5CB00857BA2 /* libGPX.a */,
				F6FB968718C8B5CB00857BA2 /* GPXTests.xctest */,
			);
			name = Products;
			sourceTree = "<group>";
		};
		F6FEE818180CE6A000034B6A /* Video */ = {
			isa = PBXGroup;
			children = (
				F6214003183DB2EE004630FE /* CarDVRAssetWriter.h */,
				F6214004183DB2EE004630FE /* CarDVRAssetWriter.m */,
				F6FEE819180CE75400034B6A /* CarDVRVideoCapturer.h */,
				F6FEE81A180CE75400034B6A /* CarDVRVideoCapturer.m */,
				F6D17D921828CF3B003D965C /* CarDVRVideoCapturerConstants.h */,
				F6F0FC20181E7760000562DF /* CarDVRVideoCapturerInterval.h */,
				F6F0FC21181E7760000562DF /* CarDVRVideoCapturerInterval.m */,
				F6137557188698F200B479DE /* CarDVRVideoClipURLs.h */,
				F6137558188698F200B479DE /* CarDVRVideoClipURLs.m */,
				F6EC81F618D0AC48002785B5 /* CarDVRVideoItem.h */,
				F6EC81F718D0AC48002785B5 /* CarDVRVideoItem.m */,
			);
			path = Video;
			sourceTree = "<group>";
		};
		F6FEE81D180D9C9D00034B6A /* Storage */ = {
			isa = PBXGroup;
			children = (
				F6FEE81E180D9CDE00034B6A /* CarDVRPathHelper.h */,
				F6FEE81F180D9CDE00034B6A /* CarDVRPathHelper.m */,
				F6F0FC23181F589F000562DF /* CarDVRSettings.h */,
				F6F0FC24181F589F000562DF /* CarDVRSettings.m */,
				F6066CFA18683F6800D0C051 /* CarDVRStorageInfo.h */,
				F6066CFB18683F6800D0C051 /* CarDVRStorageInfo.m */,
			);
			path = Storage;
			sourceTree = "<group>";
		};
/* End PBXGroup section */

/* Begin PBXNativeTarget section */
		F6D37207180BE9C00076B2EC /* CarDVR */ = {
			isa = PBXNativeTarget;
			buildConfigurationList = F6D37234180BE9C00076B2EC /* Build configuration list for PBXNativeTarget "CarDVR" */;
			buildPhases = (
				F6D37204180BE9C00076B2EC /* Sources */,
				F6D37205180BE9C00076B2EC /* Frameworks */,
				F6D37206180BE9C00076B2EC /* Resources */,
			);
			buildRules = (
			);
			dependencies = (
			);
			name = CarDVR;
			productName = CarDVR;
			productReference = F6D37208180BE9C00076B2EC /* iCarDVR.app */;
			productType = "com.apple.product-type.application";
		};
		F6D37222180BE9C00076B2EC /* CarDVRTests */ = {
			isa = PBXNativeTarget;
			buildConfigurationList = F6D37237180BE9C00076B2EC /* Build configuration list for PBXNativeTarget "CarDVRTests" */;
			buildPhases = (
				F6D3721F180BE9C00076B2EC /* Sources */,
				F6D37220180BE9C00076B2EC /* Frameworks */,
				F6D37221180BE9C00076B2EC /* Resources */,
			);
			buildRules = (
			);
			dependencies = (
				F6D37229180BE9C00076B2EC /* PBXTargetDependency */,
			);
			name = CarDVRTests;
			productName = CarDVRTests;
			productReference = F6D37223180BE9C00076B2EC /* CarDVRTests.xctest */;
			productType = "com.apple.product-type.bundle.unit-test";
		};
		F6DF190A190C0F1A00303349 /* CarDVR-Free */ = {
			isa = PBXNativeTarget;
			buildConfigurationList = F6DF1938190C0F1A00303349 /* Build configuration list for PBXNativeTarget "CarDVR-Free" */;
			buildPhases = (
				F6DF190B190C0F1A00303349 /* Sources */,
				F6DF1925190C0F1A00303349 /* Frameworks */,
				F6DF1931190C0F1A00303349 /* Resources */,
			);
			buildRules = (
			);
			dependencies = (
			);
			name = "CarDVR-Free";
			productName = CarDVR;
			productReference = F6DF193B190C0F1A00303349 /* iCarDVR Free.app */;
			productType = "com.apple.product-type.application";
		};
/* End PBXNativeTarget section */

/* Begin PBXProject section */
		F6D37200180BE9C00076B2EC /* Project object */ = {
			isa = PBXProject;
			attributes = {
				LastUpgradeCheck = 0510;
				ORGANIZATIONNAME = iautod;
				TargetAttributes = {
					F6D37207180BE9C00076B2EC = {
						DevelopmentTeam = X5V64ZC28Q;
						SystemCapabilities = {
							com.apple.InAppPurchase = {
								enabled = 1;
							};
							com.apple.iCloud = {
								enabled = 1;
							};
							com.apple.iOS = {
								enabled = 1;
							};
						};
					};
					F6D37222180BE9C00076B2EC = {
						TestTargetID = F6D37207180BE9C00076B2EC;
					};
					F6DF190A190C0F1A00303349 = {
						DevelopmentTeam = X5V64ZC28Q;
					};
				};
			};
			buildConfigurationList = F6D37203180BE9C00076B2EC /* Build configuration list for PBXProject "CarDVR" */;
			compatibilityVersion = "Xcode 3.2";
			developmentRegion = English;
			hasScannedForEncodings = 0;
			knownRegions = (
				en,
				"zh-Hans",
			);
			mainGroup = F6D371FF180BE9C00076B2EC;
			productRefGroup = F6D37209180BE9C00076B2EC /* Products */;
			projectDirPath = "";
			projectReferences = (
				{
					ProductGroup = F6FB968018C8B5CB00857BA2 /* Products */;
					ProjectRef = F6FB967F18C8B5CB00857BA2 /* GPX.xcodeproj */;
				},
			);
			projectRoot = "";
			targets = (
				F6D37207180BE9C00076B2EC /* CarDVR */,
				F6DF190A190C0F1A00303349 /* CarDVR-Free */,
				F6D37222180BE9C00076B2EC /* CarDVRTests */,
			);
		};
/* End PBXProject section */

/* Begin PBXReferenceProxy section */
		F6FB968518C8B5CB00857BA2 /* libGPX.a */ = {
			isa = PBXReferenceProxy;
			fileType = archive.ar;
			path = libGPX.a;
			remoteRef = F6FB968418C8B5CB00857BA2 /* PBXContainerItemProxy */;
			sourceTree = BUILT_PRODUCTS_DIR;
		};
		F6FB968718C8B5CB00857BA2 /* GPXTests.xctest */ = {
			isa = PBXReferenceProxy;
			fileType = wrapper.cfbundle;
			path = GPXTests.xctest;
			remoteRef = F6FB968618C8B5CB00857BA2 /* PBXContainerItemProxy */;
			sourceTree = BUILT_PRODUCTS_DIR;
		};
/* End PBXReferenceProxy section */

/* Begin PBXResourcesBuildPhase section */
		F6D37206180BE9C00076B2EC /* Resources */ = {
			isa = PBXResourcesBuildPhase;
			buildActionMask = 2147483647;
			files = (
				F6B0F9D61820AAA200A46E3C /* Localizable.strings in Resources */,
				F6F2E2F418477CB90004199D /* CarDVR.storyboard in Resources */,
				F6F48D5118BC32EA009DE04C /* Images.xcassets in Resources */,
				F6B0FA55182224CD00A46E3C /* Localizable.strings in Resources */,
				F6D3724C180BEBC40076B2EC /* InfoPlist.strings in Resources */,
				F6B0FA54182224CD00A46E3C /* InfoPlist.strings in Resources */,
			);
			runOnlyForDeploymentPostprocessing = 0;
		};
		F6D37221180BE9C00076B2EC /* Resources */ = {
			isa = PBXResourcesBuildPhase;
			buildActionMask = 2147483647;
			files = (
				F6D3722F180BE9C00076B2EC /* InfoPlist.strings in Resources */,
			);
			runOnlyForDeploymentPostprocessing = 0;
		};
		F6DF1931190C0F1A00303349 /* Resources */ = {
			isa = PBXResourcesBuildPhase;
			buildActionMask = 2147483647;
			files = (
				F6DF1932190C0F1A00303349 /* Localizable.strings in Resources */,
				F6DF1933190C0F1A00303349 /* CarDVR.storyboard in Resources */,
				F6DF1934190C0F1A00303349 /* Images.xcassets in Resources */,
				F6DF1935190C0F1A00303349 /* Localizable.strings in Resources */,
				F6DF1936190C0F1A00303349 /* InfoPlist.strings in Resources */,
				F6DF1937190C0F1A00303349 /* InfoPlist.strings in Resources */,
			);
			runOnlyForDeploymentPostprocessing = 0;
		};
/* End PBXResourcesBuildPhase section */

/* Begin PBXSourcesBuildPhase section */
		F6D37204180BE9C00076B2EC /* Sources */ = {
			isa = PBXSourcesBuildPhase;
			buildActionMask = 2147483647;
			files = (
				F62987461847A05C00CD25E7 /* CarDVRVideoTableViewCell.m in Sources */,
				F6B0F9F41820CB1800A46E3C /* CarDVRVideoBrowserViewController.m in Sources */,
				F6F0FC22181E7760000562DF /* CarDVRVideoCapturerInterval.m in Sources */,
				F6B0FA041820EC0300A46E3C /* CarDVRSettingsViewController.m in Sources */,
				F6D37240180BEB970076B2EC /* main.m in Sources */,
				F6D17D8B1826970A003D965C /* CarDVRVideoDetailViewController.m in Sources */,
				F677D9311819636300C57AE0 /* CarDVRHomeViewController.m in Sources */,
				F6FEE820180D9CDE00034B6A /* CarDVRPathHelper.m in Sources */,
				F62323EC186C421600123109 /* CarDVRLocationDetector.m in Sources */,
				F6BBF37418D7449D0080D2BA /* CarDVRTracksLayerView.m in Sources */,
				F6AD6E8118951B6F0006DA59 /* CarDVRMeasurementConverter.m in Sources */,
				F6298749184860D700CD25E7 /* CarDVRMaxClipDurationSettingViewController.m in Sources */,
				F6214005183DB2EF004630FE /* CarDVRAssetWriter.m in Sources */,
				F6BBF38218D75CCC0080D2BA /* CarDVRLocation.m in Sources */,
				F6F8EA9F18C6D0DA00C54CC3 /* CarDVRResolutionSettingViewController.m in Sources */,
				F6EC81F318D070B6002785B5 /* CarDVRTracksViewController.m in Sources */,
				F6D3723F180BEB970076B2EC /* CarDVRAppDelegate.m in Sources */,
				F6D37252180BEF230076B2EC /* CarDVRCameraViewController.m in Sources */,
				F6BBF37918D752920080D2BA /* CarDVRTracksOverlay.m in Sources */,
				F6BBF37F18D75CB70080D2BA /* CarDVRAnnotation.m in Sources */,
				F6EC81F818D0AC48002785B5 /* CarDVRVideoItem.m in Sources */,
				F6F0FC25181F589F000562DF /* CarDVRSettings.m in Sources */,
				F6FEE81B180CE75400034B6A /* CarDVRVideoCapturer.m in Sources */,
				F6137559188698F200B479DE /* CarDVRVideoClipURLs.m in Sources */,
				F6066CFC18683F6800D0C051 /* CarDVRStorageInfo.m in Sources */,
			);
			runOnlyForDeploymentPostprocessing = 0;
		};
		F6D3721F180BE9C00076B2EC /* Sources */ = {
			isa = PBXSourcesBuildPhase;
			buildActionMask = 2147483647;
			files = (
				F6D37231180BE9C00076B2EC /* CarDVRTests.m in Sources */,
			);
			runOnlyForDeploymentPostprocessing = 0;
		};
		F6DF190B190C0F1A00303349 /* Sources */ = {
			isa = PBXSourcesBuildPhase;
			buildActionMask = 2147483647;
			files = (
				F6DF190C190C0F1A00303349 /* CarDVRVideoTableViewCell.m in Sources */,
				F6DF190D190C0F1A00303349 /* CarDVRVideoBrowserViewController.m in Sources */,
				F6DF190E190C0F1A00303349 /* CarDVRVideoCapturerInterval.m in Sources */,
				F6DF190F190C0F1A00303349 /* CarDVRSettingsViewController.m in Sources */,
				F6DF1910190C0F1A00303349 /* main.m in Sources */,
				F6DF1911190C0F1A00303349 /* CarDVRVideoDetailViewController.m in Sources */,
				F6DF1912190C0F1A00303349 /* CarDVRHomeViewController.m in Sources */,
				F6DF1913190C0F1A00303349 /* CarDVRPathHelper.m in Sources */,
				F6DF1914190C0F1A00303349 /* CarDVRLocationDetector.m in Sources */,
				F6DF1915190C0F1A00303349 /* CarDVRTracksLayerView.m in Sources */,
				F6DF1916190C0F1A00303349 /* CarDVRMeasurementConverter.m in Sources */,
				F6DF1917190C0F1A00303349 /* CarDVRMaxClipDurationSettingViewController.m in Sources */,
				F6DF1918190C0F1A00303349 /* CarDVRAssetWriter.m in Sources */,
				F6DF1919190C0F1A00303349 /* CarDVRLocation.m in Sources */,
				F6DF191A190C0F1A00303349 /* CarDVRResolutionSettingViewController.m in Sources */,
				F6DF191B190C0F1A00303349 /* CarDVRTracksViewController.m in Sources */,
				F6DF191C190C0F1A00303349 /* CarDVRAppDelegate.m in Sources */,
				F6DF191D190C0F1A00303349 /* CarDVRCameraViewController.m in Sources */,
				F6DF191E190C0F1A00303349 /* CarDVRTracksOverlay.m in Sources */,
				F6DF191F190C0F1A00303349 /* CarDVRAnnotation.m in Sources */,
				F6DF1920190C0F1A00303349 /* CarDVRVideoItem.m in Sources */,
				F6DF1921190C0F1A00303349 /* CarDVRSettings.m in Sources */,
				F6DF1922190C0F1A00303349 /* CarDVRVideoCapturer.m in Sources */,
				F6DF1923190C0F1A00303349 /* CarDVRVideoClipURLs.m in Sources */,
				F6DF1924190C0F1A00303349 /* CarDVRStorageInfo.m in Sources */,
			);
			runOnlyForDeploymentPostprocessing = 0;
		};
/* End PBXSourcesBuildPhase section */

/* Begin PBXTargetDependency section */
		F6D37229180BE9C00076B2EC /* PBXTargetDependency */ = {
			isa = PBXTargetDependency;
			target = F6D37207180BE9C00076B2EC /* CarDVR */;
			targetProxy = F6D37228180BE9C00076B2EC /* PBXContainerItemProxy */;
		};
/* End PBXTargetDependency section */

/* Begin PBXVariantGroup section */
		F6B0F9D41820AAA100A46E3C /* Localizable.strings */ = {
			isa = PBXVariantGroup;
			children = (
				F6B0F9D51820AAA200A46E3C /* en */,
			);
			name = Localizable.strings;
			sourceTree = "<group>";
		};
		F6B0FA50182224CD00A46E3C /* InfoPlist.strings */ = {
			isa = PBXVariantGroup;
			children = (
				F6B0FA51182224CD00A46E3C /* zh-Hans */,
			);
			name = InfoPlist.strings;
			sourceTree = "<group>";
		};
		F6B0FA52182224CD00A46E3C /* Localizable.strings */ = {
			isa = PBXVariantGroup;
			children = (
				F6B0FA53182224CD00A46E3C /* zh-Hans */,
			);
			name = Localizable.strings;
			sourceTree = "<group>";
		};
		F6D3722D180BE9C00076B2EC /* InfoPlist.strings */ = {
			isa = PBXVariantGroup;
			children = (
				F6D3722E180BE9C00076B2EC /* en */,
			);
			name = InfoPlist.strings;
			sourceTree = "<group>";
		};
		F6D3724A180BEBC40076B2EC /* InfoPlist.strings */ = {
			isa = PBXVariantGroup;
			children = (
				F6D3724B180BEBC40076B2EC /* en */,
			);
			name = InfoPlist.strings;
			sourceTree = "<group>";
		};
		F6F2E2F218477CB90004199D /* CarDVR.storyboard */ = {
			isa = PBXVariantGroup;
			children = (
				F6F2E2F318477CB90004199D /* en */,
			);
			name = CarDVR.storyboard;
			sourceTree = "<group>";
		};
/* End PBXVariantGroup section */

/* Begin XCBuildConfiguration section */
		F6D37232180BE9C00076B2EC /* Debug */ = {
			isa = XCBuildConfiguration;
			buildSettings = {
				ALWAYS_SEARCH_USER_PATHS = NO;
				CLANG_CXX_LANGUAGE_STANDARD = "gnu++0x";
				CLANG_CXX_LIBRARY = "libc++";
				CLANG_ENABLE_MODULES = YES;
				CLANG_ENABLE_OBJC_ARC = YES;
				CLANG_WARN_BOOL_CONVERSION = YES;
				CLANG_WARN_CONSTANT_CONVERSION = YES;
				CLANG_WARN_DIRECT_OBJC_ISA_USAGE = YES_ERROR;
				CLANG_WARN_EMPTY_BODY = YES;
				CLANG_WARN_ENUM_CONVERSION = YES;
				CLANG_WARN_INT_CONVERSION = YES;
				CLANG_WARN_OBJC_ROOT_CLASS = YES_ERROR;
				CLANG_WARN__DUPLICATE_METHOD_MATCH = YES;
				CODE_SIGN_IDENTITY = "";
				"CODE_SIGN_IDENTITY[sdk=iphoneos*]" = "iPhone Developer";
				COPY_PHASE_STRIP = NO;
				GCC_C_LANGUAGE_STANDARD = gnu99;
				GCC_DYNAMIC_NO_PIC = NO;
				GCC_OPTIMIZATION_LEVEL = 0;
				GCC_PREPROCESSOR_DEFINITIONS = (
					"DEBUG=1",
					"$(inherited)",
				);
				GCC_SYMBOLS_PRIVATE_EXTERN = NO;
				GCC_WARN_64_TO_32_BIT_CONVERSION = YES;
				GCC_WARN_ABOUT_RETURN_TYPE = YES_ERROR;
				GCC_WARN_UNDECLARED_SELECTOR = YES;
				GCC_WARN_UNINITIALIZED_AUTOS = YES;
				GCC_WARN_UNUSED_FUNCTION = YES;
				GCC_WARN_UNUSED_VARIABLE = YES;
				IPHONEOS_DEPLOYMENT_TARGET = 5.0;
				ONLY_ACTIVE_ARCH = YES;
				PRODUCT_NAME = "";
				PROVISIONING_PROFILE = "";
				SDKROOT = iphoneos;
			};
			name = Debug;
		};
		F6D37233180BE9C00076B2EC /* Release */ = {
			isa = XCBuildConfiguration;
			buildSettings = {
				ALWAYS_SEARCH_USER_PATHS = NO;
				CLANG_CXX_LANGUAGE_STANDARD = "gnu++0x";
				CLANG_CXX_LIBRARY = "libc++";
				CLANG_ENABLE_MODULES = YES;
				CLANG_ENABLE_OBJC_ARC = YES;
				CLANG_WARN_BOOL_CONVERSION = YES;
				CLANG_WARN_CONSTANT_CONVERSION = YES;
				CLANG_WARN_DIRECT_OBJC_ISA_USAGE = YES_ERROR;
				CLANG_WARN_EMPTY_BODY = YES;
				CLANG_WARN_ENUM_CONVERSION = YES;
				CLANG_WARN_INT_CONVERSION = YES;
				CLANG_WARN_OBJC_ROOT_CLASS = YES_ERROR;
				CLANG_WARN__DUPLICATE_METHOD_MATCH = YES;
				CODE_SIGN_IDENTITY = "";
				"CODE_SIGN_IDENTITY[sdk=iphoneos*]" = "iPhone Developer";
				COPY_PHASE_STRIP = YES;
				ENABLE_NS_ASSERTIONS = NO;
				GCC_C_LANGUAGE_STANDARD = gnu99;
				GCC_WARN_64_TO_32_BIT_CONVERSION = YES;
				GCC_WARN_ABOUT_RETURN_TYPE = YES_ERROR;
				GCC_WARN_UNDECLARED_SELECTOR = YES;
				GCC_WARN_UNINITIALIZED_AUTOS = YES;
				GCC_WARN_UNUSED_FUNCTION = YES;
				GCC_WARN_UNUSED_VARIABLE = YES;
				IPHONEOS_DEPLOYMENT_TARGET = 5.0;
				PRODUCT_NAME = "";
				PROVISIONING_PROFILE = "";
				SDKROOT = iphoneos;
				VALIDATE_PRODUCT = YES;
			};
			name = Release;
		};
		F6D37235180BE9C00076B2EC /* Debug */ = {
			isa = XCBuildConfiguration;
			buildSettings = {
				ASSETCATALOG_COMPILER_APPICON_NAME = AppIcon;
				ASSETCATALOG_COMPILER_LAUNCHIMAGE_NAME = LaunchImage;
				CODE_SIGN_ENTITLEMENTS = CarDVR/CarDVR.entitlements;
				CODE_SIGN_IDENTITY = "iPhone Developer: Yang Xiaodong (62BW2A25DK)";
				"CODE_SIGN_IDENTITY[sdk=iphoneos*]" = "iPhone Developer";
				GCC_PRECOMPILE_PREFIX_HEADER = YES;
				GCC_PREFIX_HEADER = "CarDVR/Code/CarDVR-Prefix.pch";
				INFOPLIST_FILE = "CarDVR/Resource/CarDVR-Info.plist";
				ONLY_ACTIVE_ARCH = NO;
				PRODUCT_NAME = "i$(TARGET_NAME)";
				PROVISIONING_PROFILE = "69FC4238-BB31-4C5F-A7EE-4E865C8D1431";
				VALID_ARCHS = "armv7 armv7s";
				WRAPPER_EXTENSION = app;
			};
			name = Debug;
		};
		F6D37236180BE9C00076B2EC /* Release */ = {
			isa = XCBuildConfiguration;
			buildSettings = {
				ASSETCATALOG_COMPILER_APPICON_NAME = AppIcon;
				ASSETCATALOG_COMPILER_LAUNCHIMAGE_NAME = LaunchImage;
				CODE_SIGN_ENTITLEMENTS = CarDVR/CarDVR.entitlements;
				CODE_SIGN_IDENTITY = "iPhone Developer: Yang Xiaodong (62BW2A25DK)";
				"CODE_SIGN_IDENTITY[sdk=iphoneos*]" = "iPhone Developer";
				GCC_PRECOMPILE_PREFIX_HEADER = YES;
				GCC_PREFIX_HEADER = "CarDVR/Code/CarDVR-Prefix.pch";
				INFOPLIST_FILE = "CarDVR/Resource/CarDVR-Info.plist";
				PRODUCT_NAME = "i$(TARGET_NAME)";
				PROVISIONING_PROFILE = "69FC4238-BB31-4C5F-A7EE-4E865C8D1431";
				VALID_ARCHS = "armv7 armv7s";
				WRAPPER_EXTENSION = app;
			};
			name = Release;
		};
		F6D37238180BE9C00076B2EC /* Debug */ = {
			isa = XCBuildConfiguration;
			buildSettings = {
				BUNDLE_LOADER = "$(BUILT_PRODUCTS_DIR)/CarDVR.app/CarDVR";
				FRAMEWORK_SEARCH_PATHS = (
					"$(SDKROOT)/Developer/Library/Frameworks",
					"$(inherited)",
					"$(DEVELOPER_FRAMEWORKS_DIR)",
				);
				GCC_PRECOMPILE_PREFIX_HEADER = YES;
				GCC_PREFIX_HEADER = "CarDVR/CarDVR-Prefix.pch";
				GCC_PREPROCESSOR_DEFINITIONS = (
					"DEBUG=1",
					"$(inherited)",
				);
				INFOPLIST_FILE = "CarDVRTests/CarDVRTests-Info.plist";
				PRODUCT_NAME = "$(TARGET_NAME)";
				TEST_HOST = "$(BUNDLE_LOADER)";
				WRAPPER_EXTENSION = xctest;
			};
			name = Debug;
		};
		F6D37239180BE9C00076B2EC /* Release */ = {
			isa = XCBuildConfiguration;
			buildSettings = {
				BUNDLE_LOADER = "$(BUILT_PRODUCTS_DIR)/CarDVR.app/CarDVR";
				FRAMEWORK_SEARCH_PATHS = (
					"$(SDKROOT)/Developer/Library/Frameworks",
					"$(inherited)",
					"$(DEVELOPER_FRAMEWORKS_DIR)",
				);
				GCC_PRECOMPILE_PREFIX_HEADER = YES;
				GCC_PREFIX_HEADER = "CarDVR/CarDVR-Prefix.pch";
				INFOPLIST_FILE = "CarDVRTests/CarDVRTests-Info.plist";
				PRODUCT_NAME = "$(TARGET_NAME)";
				TEST_HOST = "$(BUNDLE_LOADER)";
				WRAPPER_EXTENSION = xctest;
			};
			name = Release;
		};
		F6DF1939190C0F1A00303349 /* Debug */ = {
			isa = XCBuildConfiguration;
			buildSettings = {
				ASSETCATALOG_COMPILER_APPICON_NAME = AppIcon;
				ASSETCATALOG_COMPILER_LAUNCHIMAGE_NAME = LaunchImage;
				CODE_SIGN_ENTITLEMENTS = CarDVR/CarDVR.entitlements;
				CODE_SIGN_IDENTITY = "iPhone Developer";
				"CODE_SIGN_IDENTITY[sdk=iphoneos*]" = "iPhone Developer";
				GCC_PRECOMPILE_PREFIX_HEADER = YES;
				GCC_PREFIX_HEADER = "CarDVR/Code/CarDVR-Prefix.pch";
				GCC_PREPROCESSOR_DEFINITIONS = (
					"DEBUG=1",
					"IS_CARDVR_FREE=1",
				);
				INFOPLIST_FILE = "$(SRCROOT)/CarDVR/Resource/CarDVR-Free-Info.plist";
				ONLY_ACTIVE_ARCH = NO;
				PRODUCT_NAME = "iCarDVR Free";
				PROVISIONING_PROFILE = "";
				VALID_ARCHS = "armv7 armv7s";
				WRAPPER_EXTENSION = app;
			};
			name = Debug;
		};
		F6DF193A190C0F1A00303349 /* Release */ = {
			isa = XCBuildConfiguration;
			buildSettings = {
				ASSETCATALOG_COMPILER_APPICON_NAME = AppIcon;
				ASSETCATALOG_COMPILER_LAUNCHIMAGE_NAME = LaunchImage;
				CODE_SIGN_ENTITLEMENTS = CarDVR/CarDVR.entitlements;
				CODE_SIGN_IDENTITY = "iPhone Developer";
				"CODE_SIGN_IDENTITY[sdk=iphoneos*]" = "iPhone Developer";
				GCC_PRECOMPILE_PREFIX_HEADER = YES;
				GCC_PREFIX_HEADER = "CarDVR/Code/CarDVR-Prefix.pch";
				GCC_PREPROCESSOR_DEFINITIONS = "IS_CARDVR_FREE=1";
				INFOPLIST_FILE = "$(SRCROOT)/CarDVR/Resource/CarDVR-Free-Info.plist";
				PRODUCT_NAME = "iCarDVR Free";
				PROVISIONING_PROFILE = "";
				VALID_ARCHS = "armv7 armv7s";
				WRAPPER_EXTENSION = app;
			};
			name = Release;
		};
/* End XCBuildConfiguration section */

/* Begin XCConfigurationList section */
		F6D37203180BE9C00076B2EC /* Build configuration list for PBXProject "CarDVR" */ = {
			isa = XCConfigurationList;
			buildConfigurations = (
				F6D37232180BE9C00076B2EC /* Debug */,
				F6D37233180BE9C00076B2EC /* Release */,
			);
			defaultConfigurationIsVisible = 0;
			defaultConfigurationName = Release;
		};
		F6D37234180BE9C00076B2EC /* Build configuration list for PBXNativeTarget "CarDVR" */ = {
			isa = XCConfigurationList;
			buildConfigurations = (
				F6D37235180BE9C00076B2EC /* Debug */,
				F6D37236180BE9C00076B2EC /* Release */,
			);
			defaultConfigurationIsVisible = 0;
			defaultConfigurationName = Release;
		};
		F6D37237180BE9C00076B2EC /* Build configuration list for PBXNativeTarget "CarDVRTests" */ = {
			isa = XCConfigurationList;
			buildConfigurations = (
				F6D37238180BE9C00076B2EC /* Debug */,
				F6D37239180BE9C00076B2EC /* Release */,
			);
			defaultConfigurationIsVisible = 0;
			defaultConfigurationName = Release;
		};
		F6DF1938190C0F1A00303349 /* Build configuration list for PBXNativeTarget "CarDVR-Free" */ = {
			isa = XCConfigurationList;
			buildConfigurations = (
				F6DF1939190C0F1A00303349 /* Debug */,
				F6DF193A190C0F1A00303349 /* Release */,
			);
			defaultConfigurationIsVisible = 0;
			defaultConfigurationName = Release;
		};
/* End XCConfigurationList section */
	};
	rootObject = F6D37200180BE9C00076B2EC /* Project object */;
}
